{
  "name": "lit-html",
  "version": "1.0.0",
  "lockfileVersion": 1,
  "requires": true,
  "dependencies": {
    "@rollup/plugin-json": {
      "version": "4.1.0",
      "resolved": "http://maven.dev.qingtui.im:8081/repository/npm-all/@rollup/plugin-json/-/plugin-json-4.1.0.tgz",
      "integrity": "sha1-VOCYZ65pY8WThE2L16nHGClElvM=",
      "requires": {
        "@rollup/pluginutils": "^3.0.8"
      }
    },
    "@rollup/pluginutils": {
      "version": "3.1.0",
      "resolved": "http://maven.dev.qingtui.im:8081/repository/npm-all/@rollup/pluginutils/-/pluginutils-3.1.0.tgz",
      "integrity": "sha1-cGtFJO5tyLEDs8mVUz5a1oDAK5s=",
      "requires": {
        "@types/estree": "0.0.39",
        "estree-walker": "^1.0.1",
        "picomatch": "^2.2.2"
      }
    },
    "@types/estree": {
      "version": "0.0.39",
      "resolved": "http://maven.dev.qingtui.im:8081/repository/npm-all/@types/estree/-/estree-0.0.39.tgz",
      "integrity": "sha1-4Xfmme4bjCLSMXTKqnQiZEOJUJ8="
    },
    "@types/node": {
      "version": "14.14.6",
      "resolved": "http://maven.dev.qingtui.im:8081/repository/npm-all/@types/node/-/node-14.14.6.tgz",
      "integrity": "sha1-FG09pXs8Y2zA0XaTls4c+omRFH8="
    },
    "@types/resolve": {
      "version": "0.0.8",
      "resolved": "http://maven.dev.qingtui.im:8081/repository/npm-all/@types/resolve/-/resolve-0.0.8.tgz",
      "integrity": "sha1-8mB00jjgJlnjI84aE9BB7uKA4ZQ=",
      "requires": {
        "@types/node": "*"
      }
    },
    "builtin-modules": {
      "version": "3.1.0",
      "resolved": "http://maven.dev.qingtui.im:8081/repository/npm-all/builtin-modules/-/builtin-modules-3.1.0.tgz",
      "integrity": "sha1-qtl8FRMet2tltQ7yCOdYTNdqdIQ="
    },
    "commondir": {
      "version": "1.0.1",
      "resolved": "http://maven.dev.qingtui.im:8081/repository/npm-all/commondir/-/commondir-1.0.1.tgz",
      "integrity": "sha1-3dgA2gxmEnOTzKWVDqloo6rxJTs="
    },
    "estree-walker": {
      "version": "1.0.1",
      "resolved": "http://maven.dev.qingtui.im:8081/repository/npm-all/estree-walker/-/estree-walker-1.0.1.tgz",
      "integrity": "sha1-MbxdYSyWtwQQa0d+bdXYqhOMtwA="
    },
    "find-cache-dir": {
      "version": "3.3.1",
      "resolved": "http://maven.dev.qingtui.im:8081/repository/npm-all/find-cache-dir/-/find-cache-dir-3.3.1.tgz",
      "integrity": "sha1-ibM/rUpGcNqpT4Vff74x1thP6IA=",
      "requires": {
        "commondir": "^1.0.1",
        "make-dir": "^3.0.2",
        "pkg-dir": "^4.1.0"
      }
    },
    "find-up": {
      "version": "4.1.0",
      "resolved": "http://maven.dev.qingtui.im:8081/repository/npm-all/find-up/-/find-up-4.1.0.tgz",
      "integrity": "sha1-l6/n1s3AvFkoWEt8jXsW6KmqXRk=",
      "requires": {
        "locate-path": "^5.0.0",
        "path-exists": "^4.0.0"
      }
    },
    "fs-extra": {
      "version": "7.0.1",
      "resolved": "http://maven.dev.qingtui.im:8081/repository/npm-all/fs-extra/-/fs-extra-7.0.1.tgz",
      "integrity": "sha1-TxicRKoSO4lfcigE9V6iPq3DSOk=",
      "requires": {
        "graceful-fs": "^4.1.2",
        "jsonfile": "^4.0.0",
        "universalify": "^0.1.0"
      }
    },
    "function-bind": {
      "version": "1.1.1",
      "resolved": "http://maven.dev.qingtui.im:8081/repository/npm-all/function-bind/-/function-bind-1.1.1.tgz",
      "integrity": "sha1-pWiZ0+o8m6uHS7l3O3xe3pL0iV0="
    },
    "graceful-fs": {
      "version": "4.2.4",
      "resolved": "http://maven.dev.qingtui.im:8081/repository/npm-all/graceful-fs/-/graceful-fs-4.2.4.tgz",
      "integrity": "sha1-Ila94U02MpWMRl68ltxGfKB6Kfs="
    },
    "has": {
      "version": "1.0.3",
      "resolved": "http://maven.dev.qingtui.im:8081/repository/npm-all/has/-/has-1.0.3.tgz",
      "integrity": "sha1-ci18v8H2qoJB8W3YFOAR4fQeh5Y=",
      "requires": {
        "function-bind": "^1.1.1"
      }
    },
    "is-core-module": {
      "version": "2.1.0",
      "resolved": "http://maven.dev.qingtui.im:8081/repository/npm-all/is-core-module/-/is-core-module-2.1.0.tgz",
      "integrity": "sha1-pMwDHZsaymPuy9GKZQ4Ty07quUY=",
      "requires": {
        "has": "^1.0.3"
      }
    },
    "is-module": {
      "version": "1.0.0",
      "resolved": "http://maven.dev.qingtui.im:8081/repository/npm-all/is-module/-/is-module-1.0.0.tgz",
      "integrity": "sha1-Mlj7afeMFNW4FdZkM2tM/7ZEFZE="
    },
    "is-reference": {
      "version": "1.2.1",
      "resolved": "http://maven.dev.qingtui.im:8081/repository/npm-all/is-reference/-/is-reference-1.2.1.tgz",
      "integrity": "sha1-iy2sCzcfS8mU/eq6nrVC0DAC0Lc=",
      "requires": {
        "@types/estree": "*"
      }
    },
    "jsonfile": {
      "version": "4.0.0",
      "resolved": "http://maven.dev.qingtui.im:8081/repository/npm-all/jsonfile/-/jsonfile-4.0.0.tgz",
      "integrity": "sha1-h3Gq4HmbZAdrdmQPygWPnBDjPss=",
      "requires": {
        "graceful-fs": "^4.1.6"
      }
    },
    "locate-path": {
      "version": "5.0.0",
      "resolved": "http://maven.dev.qingtui.im:8081/repository/npm-all/locate-path/-/locate-path-5.0.0.tgz",
      "integrity": "sha1-Gvujlq/WdqbUJQTQpno6frn2KqA=",
      "requires": {
        "p-locate": "^4.1.0"
      }
    },
    "magic-string": {
      "version": "0.25.7",
      "resolved": "http://maven.dev.qingtui.im:8081/repository/npm-all/magic-string/-/magic-string-0.25.7.tgz",
      "integrity": "sha1-P0l9b9NMZpxnmNy4IfLvMfVEUFE=",
      "requires": {
        "sourcemap-codec": "^1.4.4"
      }
    },
    "make-dir": {
      "version": "3.1.0",
      "resolved": "http://maven.dev.qingtui.im:8081/repository/npm-all/make-dir/-/make-dir-3.1.0.tgz",
      "integrity": "sha1-QV6WcEazp/HRhSd9hKpYIDcmoT8=",
      "requires": {
        "semver": "^6.0.0"
      }
    },
    "mime": {
      "version": "2.4.6",
      "resolved": "http://maven.dev.qingtui.im:8081/repository/npm-all/mime/-/mime-2.4.6.tgz",
      "integrity": "sha1-5bQHyQ20QvK+tbFiNz0Htpr/pNE="
    },
    "opener": {
      "version": "1.5.2",
      "resolved": "http://maven.dev.qingtui.im:8081/repository/npm-all/opener/-/opener-1.5.2.tgz",
      "integrity": "sha1-XTfh81B3udysQwE3InGv3rKhNZg="
    },
    "p-limit": {
      "version": "2.3.0",
      "resolved": "http://maven.dev.qingtui.im:8081/repository/npm-all/p-limit/-/p-limit-2.3.0.tgz",
      "integrity": "sha1-PdM8ZHohT9//2DWTPrCG2g3CHbE=",
      "requires": {
        "p-try": "^2.0.0"
      }
    },
    "p-locate": {
      "version": "4.1.0",
      "resolved": "http://maven.dev.qingtui.im:8081/repository/npm-all/p-locate/-/p-locate-4.1.0.tgz",
      "integrity": "sha1-o0KLtwiLOmApL2aRkni3wpetTwc=",
      "requires": {
        "p-limit": "^2.2.0"
      }
    },
    "p-try": {
      "version": "2.2.0",
      "resolved": "http://maven.dev.qingtui.im:8081/repository/npm-all/p-try/-/p-try-2.2.0.tgz",
      "integrity": "sha1-yyhoVA4xPWHeWPr741zpAE1VQOY="
    },
    "path-exists": {
      "version": "4.0.0",
      "resolved": "http://maven.dev.qingtui.im:8081/repository/npm-all/path-exists/-/path-exists-4.0.0.tgz",
      "integrity": "sha1-UTvb4tO5XXdi6METfvoZXGxhtbM="
    },
    "path-parse": {
      "version": "1.0.6",
      "resolved": "http://maven.dev.qingtui.im:8081/repository/npm-all/path-parse/-/path-parse-1.0.6.tgz",
      "integrity": "sha1-1i27VnlAXXLEc37FhgDp3c8G0kw="
    },
    "picomatch": {
      "version": "2.2.2",
      "resolved": "http://maven.dev.qingtui.im:8081/repository/npm-all/picomatch/-/picomatch-2.2.2.tgz",
      "integrity": "sha1-IfMz6ba46v8CRo9RRupAbTRfTa0="
    },
    "pkg-dir": {
      "version": "4.2.0",
      "resolved": "http://maven.dev.qingtui.im:8081/repository/npm-all/pkg-dir/-/pkg-dir-4.2.0.tgz",
      "integrity": "sha1-8JkTPfft5CLoHR2ESCcO6z5CYfM=",
      "requires": {
        "find-up": "^4.0.0"
      }
    },
    "resolve": {
      "version": "1.18.1",
      "resolved": "http://maven.dev.qingtui.im:8081/repository/npm-all/resolve/-/resolve-1.18.1.tgz",
      "integrity": "sha1-AY/LLFsgfSpkJK7jYcWiZtqPQTA=",
      "requires": {
        "is-core-module": "^2.0.0",
        "path-parse": "^1.0.6"
      }
    },
    "rollup-plugin-commonjs": {
      "version": "10.1.0",
      "resolved": "http://maven.dev.qingtui.im:8081/repository/npm-all/rollup-plugin-commonjs/-/rollup-plugin-commonjs-10.1.0.tgz",
      "integrity": "sha1-QXrztUUDh44ITRJ6300cr4vrhvs=",
      "requires": {
        "estree-walker": "^0.6.1",
        "is-reference": "^1.1.2",
        "magic-string": "^0.25.2",
        "resolve": "^1.11.0",
        "rollup-pluginutils": "^2.8.1"
      },
      "dependencies": {
        "estree-walker": {
          "version": "0.6.1",
          "resolved": "http://maven.dev.qingtui.im:8081/repository/npm-all/estree-walker/-/estree-walker-0.6.1.tgz",
          "integrity": "sha1-UwSRQ/QMbrkYsjZx0f4yGfOhs2I="
        }
      }
    },
    "rollup-plugin-generate-html-template": {
      "version": "1.7.0",
      "resolved": "http://maven.dev.qingtui.im:8081/repository/npm-all/rollup-plugin-generate-html-template/-/rollup-plugin-generate-html-template-1.7.0.tgz",
      "integrity": "sha1-8KTCnO8FTQOO/Qdzjvo20oexx9o=",
      "requires": {
        "fs-extra": "^7.0.1"
      }
    },
    "rollup-plugin-node-resolve": {
      "version": "5.2.0",
      "resolved": "http://maven.dev.qingtui.im:8081/repository/npm-all/rollup-plugin-node-resolve/-/rollup-plugin-node-resolve-5.2.0.tgz",
      "integrity": "sha1-cw+T0Q7SAkc7H7VKWZen24xthSM=",
      "requires": {
        "@types/resolve": "0.0.8",
        "builtin-modules": "^3.1.0",
        "is-module": "^1.0.0",
        "resolve": "^1.11.1",
        "rollup-pluginutils": "^2.8.1"
      }
    },
    "rollup-plugin-serve": {
      "version": "1.1.0",
      "resolved": "http://maven.dev.qingtui.im:8081/repository/npm-all/rollup-plugin-serve/-/rollup-plugin-serve-1.1.0.tgz",
      "integrity": "sha1-BlSlcCGiG5AzQMaZQPdGNwboKI0=",
      "requires": {
        "mime": ">=2.4.6",
        "opener": "1"
      }
    },
    "rollup-plugin-typescript2": {
      "version": "0.28.0",
      "resolved": "http://maven.dev.qingtui.im:8081/repository/npm-all/rollup-plugin-typescript2/-/rollup-plugin-typescript2-0.28.0.tgz",
      "integrity": "sha1-VjhVNlWqZzXRjy5cCayqxIHrZes=",
      "requires": {
        "@rollup/pluginutils": "^3.1.0",
        "find-cache-dir": "^3.3.1",
        "fs-extra": "8.1.0",
        "resolve": "1.17.0",
        "tslib": "2.0.1"
      },
      "dependencies": {
        "fs-extra": {
          "version": "8.1.0",
          "resolved": "http://maven.dev.qingtui.im:8081/repository/npm-all/fs-extra/-/fs-extra-8.1.0.tgz",
          "integrity": "sha1-SdQ8RaiM2Wd2aMt74bRu/bjS4cA=",
          "requires": {
            "graceful-fs": "^4.2.0",
            "jsonfile": "^4.0.0",
            "universalify": "^0.1.0"
          }
        },
        "resolve": {
          "version": "1.17.0",
          "resolved": "http://maven.dev.qingtui.im:8081/repository/npm-all/resolve/-/resolve-1.17.0.tgz",
          "integrity": "sha1-sllBtUloIxzC0bt2p5y38sC/hEQ=",
          "requires": {
            "path-parse": "^1.0.6"
          }
        }
      }
    },
    "rollup-pluginutils": {
      "version": "2.8.2",
      "resolved": "http://maven.dev.qingtui.im:8081/repository/npm-all/rollup-pluginutils/-/rollup-pluginutils-2.8.2.tgz",
      "integrity": "sha1-cvKvB0i1kjZNvTOJ5gDlqURKNR4=",
      "requires": {
        "estree-walker": "^0.6.1"
      },
      "dependencies": {
        "estree-walker": {
          "version": "0.6.1",
          "resolved": "http://maven.dev.qingtui.im:8081/repository/npm-all/estree-walker/-/estree-walker-0.6.1.tgz",
          "integrity": "sha1-UwSRQ/QMbrkYsjZx0f4yGfOhs2I="
        }
      }
    },
    "semver": {
      "version": "6.3.0",
      "resolved": "http://maven.dev.qingtui.im:8081/repository/npm-all/semver/-/semver-6.3.0.tgz",
      "integrity": "sha1-7gpkyK9ejO6mdoexM3YeG+y9HT0="
    },
    "sourcemap-codec": {
      "version": "1.4.8",
      "resolved": "http://maven.dev.qingtui.im:8081/repository/npm-all/sourcemap-codec/-/sourcemap-codec-1.4.8.tgz",
      "integrity": "sha1-6oBL2UhXQC5pktBaOO8a41qatMQ="
    },
    "tslib": {
      "version": "2.0.1",
      "resolved": "http://maven.dev.qingtui.im:8081/repository/npm-all/tslib/-/tslib-2.0.1.tgz",
      "integrity": "sha1-QQ6w0RPltjVkkO7HSWA3JbAhtD4="
    },
    "typescript": {
      "version": "4.0.5",
      "resolved": "http://maven.dev.qingtui.im:8081/repository/npm-all/typescript/-/typescript-4.0.5.tgz",
      "integrity": "sha1-rp3d/RBp8ctb6z7zshcN18EzI4k="
    },
    "universalify": {
      "version": "0.1.2",
      "resolved": "http://maven.dev.qingtui.im:8081/repository/npm-all/universalify/-/universalify-0.1.2.tgz",
      "integrity": "sha1-tkb2m+OULavOzJ1mOcgNwQXvqmY="
    }
  }
}
